{
  "name": "magento_adminadobeims",
  "version": "1.0.0",
  "lockfileVersion": 1,
  "requires": true,
  "dependencies": {
    "@spectrum-css/actionbutton": {
      "version": "1.1.5",
      "resolved": "https://registry.npmjs.org/@spectrum-css/actionbutton/-/actionbutton-1.1.5.tgz",
      "integrity": "sha512-0gERavtrJfn2lPyB1IJ9QkBOFm4+dx2QWUoUREb3izwbhCHbrOulyDH2+w3jRh2pcQhR2ooYfM1EMxKc42RwTQ=="
    },
    "@spectrum-css/asset": {
      "version": "3.0.13",
      "resolved": "https://registry.npmjs.org/@spectrum-css/asset/-/asset-3.0.13.tgz",
      "integrity": "sha512-JqYCGz7IgjlpwDj1EDRMSAXQjWpm/QM5i3ogi1G9LLM5JmjSZFgfoMHHBPX8tVsuMUv8P02O9YROiaPi9x5Cmw=="
    },
    "@spectrum-css/button": {
      "version": "6.0.3",
      "resolved": "https://registry.npmjs.org/@spectrum-css/button/-/button-6.0.3.tgz",
      "integrity": "sha512-54wFVfYh8O3zzeWXgnAAaYy+61wT9sSM4RVLEwOl4L1L1SymWYdOx6w2OIxerJxvdSqP6ywLSd9I+BVKrPAivQ=="
    },
    "@spectrum-css/buttongroup": {
      "version": "5.0.3",
      "resolved": "https://registry.npmjs.org/@spectrum-css/buttongroup/-/buttongroup-5.0.3.tgz",
      "integrity": "sha512-E2/RXS+cnSE3M13+r/v9LnNXIUcAvKJbYfijd/NyHOo3iEl4WoEvo5fruBpt8QlQf47kHF39vUeMI5VZxrjsRA=="
    },
    "@spectrum-css/card": {
      "version": "4.0.12",
      "resolved": "https://registry.npmjs.org/@spectrum-css/card/-/card-4.0.12.tgz",
      "integrity": "sha512-vfweW2bxbxKFwgOmGDg3ZC0LijLxlqp8GyQ2MQgOtAfbr7tQceOiTcr63gtMBGZeYpBjfCN0icRRDW4aiiGs3A=="
    },
    "@spectrum-css/checkbox": {
      "version": "3.0.14",
      "resolved": "https://registry.npmjs.org/@spectrum-css/checkbox/-/checkbox-3.0.14.tgz",
      "integrity": "sha512-cRKNyfbI1WH0qLzjnpWy+4WrNgSPtgGPe4BH0Z+E+uKfOZMI11/lprRUjotkp58l2BHJ5on9Fx1ge4dGmACslg=="
    },
    "@spectrum-css/closebutton": {
      "version": "1.2.2",
      "resolved": "https://registry.npmjs.org/@spectrum-css/closebutton/-/closebutton-1.2.2.tgz",
      "integrity": "sha512-Zf3x3sHrZPzLMnn+BpfgJUatOT0ml4pz3uEzL9po3kKlS7CK7n4egqsMkNKBDuMwMzc9mg0SQluVk0ji0894UA=="
    },
    "@spectrum-css/dialog": {
      "version": "6.0.2",
      "resolved": "https://registry.npmjs.org/@spectrum-css/dialog/-/dialog-6.0.2.tgz",
      "integrity": "sha512-8XeVCzQp48ywvwge1ou9S3iFNH52k/vgvA4gWrugTPiwSKq0cs7bxMAy+KjYxmrbVMvax6tlJhSIWOhBXi7ZQw=="
    },
    "@spectrum-css/divider": {
      "version": "1.0.16",
      "resolved": "https://registry.npmjs.org/@spectrum-css/divider/-/divider-1.0.16.tgz",
      "integrity": "sha512-iO1GaIrGzXw0ucvZhJZONWSipUbvUQ8ZpTHnX1PPv8XZAFPW4PlZZuzhcLMAWAWviExqIpVmFRWsd+qbb8ZdvQ==",
      "requires": {
        "@spectrum-css/vars": "^6.1.1"
      }
    },
    "@spectrum-css/icon": {
      "version": "3.0.14",
      "resolved": "https://registry.npmjs.org/@spectrum-css/icon/-/icon-3.0.14.tgz",
      "integrity": "sha512-iIlwmCaa8yWzgRxhAm+E1tiGFftOu7u4+ElDYhIWAtJXI7Mk2SLKNC9j/1/IM9tnC0zqAmvzWxxhWtjcgQh/cw=="
    },
    "@spectrum-css/inlinealert": {
      "version": "4.0.3",
      "resolved": "https://registry.npmjs.org/@spectrum-css/inlinealert/-/inlinealert-4.0.3.tgz",
      "integrity": "sha512-EYLDacQHvkdVdyGUmaprytVu4cnBe2AllStsN+7vBT4BfwYugMMS6CMgxNhD5nFlq6NNR+PVBB7OszorRX1QQw=="
    },
    "@spectrum-css/modal": {
      "version": "3.0.13",
      "resolved": "https://registry.npmjs.org/@spectrum-css/modal/-/modal-3.0.13.tgz",
      "integrity": "sha512-f7pbhs/hBVIfHmc9Bc1xL46UPiFWnLbKlH6a9aJdzCQOH+9ENaOFR64HeXlT6cVXClqDOyMiOKmoRrDDLicSFg=="
    },
    "@spectrum-css/page": {
      "version": "5.0.2",
      "resolved": "https://registry.npmjs.org/@spectrum-css/page/-/page-5.0.2.tgz",
      "integrity": "sha512-KPb107fw5ddNk83LB11bMCEf0JWVBY8+EQmmaJniRLRARNOu1OmIKUa5vdHbXGrDInLqSuTMKJK97QpvGPWVDA==",
      "requires": {
        "@spectrum-css/vars": "^6.1.1"
      }
    },
    "@spectrum-css/quickaction": {
      "version": "3.0.16",
      "resolved": "https://registry.npmjs.org/@spectrum-css/quickaction/-/quickaction-3.0.16.tgz",
      "integrity": "sha512-ROs4i5ioBHR0BbWnoqIUrccirEqQVioLFUZbl7LYDlV4MdS6A38XUswyJLR7gkIk7iF2PxjfMFFjjkq724iUlQ=="
    },
    "@spectrum-css/typography": {
      "version": "4.0.11",
      "resolved": "https://registry.npmjs.org/@spectrum-css/typography/-/typography-4.0.11.tgz",
      "integrity": "sha512-HBQjpLh2a4uYUDBPDn5BL/ZNZN8FKOEmwDQVZEq73hx33rWBcDnDLDiO/yCRZFKQAGBZ0idd9XjezT37iPBh0A=="
    },
    "@spectrum-css/underlay": {
      "version": "2.0.22",
      "resolved": "https://registry.npmjs.org/@spectrum-css/underlay/-/underlay-2.0.22.tgz",
      "integrity": "sha512-T+pUVAyTxKP5eM4ipShNW1ppT9mz0Rx/JQNBBimsZmhkCsOPUfYfLdlNmn3Ya4lkJk8b0q8Rq/IQneK6SfINnQ=="
    },
    "@spectrum-css/vars": {
      "version": "6.1.1",
      "resolved": "https://registry.npmjs.org/@spectrum-css/vars/-/vars-6.1.1.tgz",
      "integrity": "sha512-dTmEJKoRXgVPYLT5uI/0P8JGlr0O/vgMIcN4xCime99Wyg+8rOnwvPC2fGZRhlTnK+wVTTrDOm7axe7KE/9aRA=="
    }
  }
}
