{
  "name": "magento_adminadobeims",
  "version": "1.0.0",
  "lockfileVersion": 1,
  "requires": true,
  "dependencies": {
    "@spectrum-css/button": {
      "version": "6.0.3",
      "resolved": "https://registry.npmjs.org/@spectrum-css/button/-/button-6.0.3.tgz",
      "integrity": "sha512-54wFVfYh8O3zzeWXgnAAaYy+61wT9sSM4RVLEwOl4L1L1SymWYdOx6w2OIxerJxvdSqP6ywLSd9I+BVKrPAivQ=="
    },
    "@spectrum-css/page": {
      "version": "5.0.2",
      "resolved": "https://registry.npmjs.org/@spectrum-css/page/-/page-5.0.2.tgz",
      "integrity": "sha512-KPb107fw5ddNk83LB11bMCEf0JWVBY8+EQmmaJniRLRARNOu1OmIKUa5vdHbXGrDInLqSuTMKJK97QpvGPWVDA==",
      "requires": {
        "@spectrum-css/vars": "^6.1.1"
      }
    },
    "@spectrum-css/vars": {
      "version": "6.1.1",
      "resolved": "https://registry.npmjs.org/@spectrum-css/vars/-/vars-6.1.1.tgz",
      "integrity": "sha512-dTmEJKoRXgVPYLT5uI/0P8JGlr0O/vgMIcN4xCime99Wyg+8rOnwvPC2fGZRhlTnK+wVTTrDOm7axe7KE/9aRA=="
    }
  }
}
